
Microsoft Visual Studio Solution File, Format Version 12.00
# Visual Studio Version 17
VisualStudioVersion = 17.11.35208.52
MinimumVisualStudioVersion = 10.0.40219.1
Project("{FAE04EC0-301F-11D3-BF4B-00C04F79EFBC}") = "MyDotnetInfoApi", "MyDotnetInfoApi\MyDotnetInfoApi.csproj", "{9446D379-FD29-4620-815B-91C9BF0C645B}"
EndProject
Global
	GlobalSection(SolutionConfigurationPlatforms) = preSolution
		Debug|Any CPU = Debug|Any CPU
		Release|Any CPU = Release|Any CPU
	EndGlobalSection
	GlobalSection(ProjectConfigurationPlatforms) = postSolution
		{9446D379-FD29-4620-815B-91C9BF0C645B}.Debug|Any CPU.ActiveCfg = Debug|Any CPU
		{9446D379-FD29-4620-815B-91C9BF0C645B}.Debug|Any CPU.Build.0 = Debug|Any CPU
		{9446D379-FD29-4620-815B-91C9BF0C645B}.Release|Any CPU.ActiveCfg = Release|Any CPU
		{9446D379-FD29-4620-815B-91C9BF0C645B}.Release|Any CPU.Build.0 = Release|Any CPU
	EndGlobalSection
	GlobalSection(SolutionProperties) = preSolution
		HideSolutionNode = FALSE
	EndGlobalSection
	GlobalSection(ExtensibilityGlobals) = postSolution
		SolutionGuid = {73D1423F-08F0-4D95-81BC-BF0A064C643C}
	EndGlobalSection
EndGlobal
